// !$*UTF8*$!
{
	archiveVersion = 1;
	classes = {
	};
	objectVersion = 51;
	objects = {

/* Begin PBXBuildFile section */
		333912F1262650C100C26FFE /* UploadTweetController.swift in Sources */ = {isa = PBXBuildFile; fileRef = 333912F0262650C100C26FFE /* UploadTweetController.swift */; };
		333912F42626EAE400C26FFE /* CaptionTextView.swift in Sources */ = {isa = PBXBuildFile; fileRef = 333912F32626EAE400C26FFE /* CaptionTextView.swift */; };
		333912F72626F6B400C26FFE /* TweetService.swift in Sources */ = {isa = PBXBuildFile; fileRef = 333912F62626F6B400C26FFE /* TweetService.swift */; };
		33424BB8262BD7E300EE10FD /* ProfileFilterView.swift in Sources */ = {isa = PBXBuildFile; fileRef = 33424BB7262BD7E300EE10FD /* ProfileFilterView.swift */; };
		33424BC2262BE38700EE10FD /* ProfileFilterCell.swift in Sources */ = {isa = PBXBuildFile; fileRef = 33424BC1262BE38700EE10FD /* ProfileFilterCell.swift */; };
		33424BC5262C308900EE10FD /* ProfileHeaderViewModel.swift in Sources */ = {isa = PBXBuildFile; fileRef = 33424BC4262C308900EE10FD /* ProfileHeaderViewModel.swift */; };
		3356393C261B716B001503A9 /* Extensions.swift in Sources */ = {isa = PBXBuildFile; fileRef = 3356393B261B716A001503A9 /* Extensions.swift */; };
		335A7FF6262B292D00B02C21 /* ProfileController.swift in Sources */ = {isa = PBXBuildFile; fileRef = 335A7FF5262B292D00B02C21 /* ProfileController.swift */; };
		335A7FF9262B341F00B02C21 /* ProfileHeader.swift in Sources */ = {isa = PBXBuildFile; fileRef = 335A7FF8262B341F00B02C21 /* ProfileHeader.swift */; };
		336786A02623F1B0006EC7A0 /* GoogleService-Info.plist in Resources */ = {isa = PBXBuildFile; fileRef = 3367869F2623F1B0006EC7A0 /* GoogleService-Info.plist */; };
		336DE5FE2619AC6C0042B0A8 /* FeedController.swift in Sources */ = {isa = PBXBuildFile; fileRef = 336DE5FD2619AC6C0042B0A8 /* FeedController.swift */; };
		336DE6012619AC990042B0A8 /* ExploreController.swift in Sources */ = {isa = PBXBuildFile; fileRef = 336DE6002619AC990042B0A8 /* ExploreController.swift */; };
		336DE6052619ACD50042B0A8 /* NotificationsController.swift in Sources */ = {isa = PBXBuildFile; fileRef = 336DE6042619ACD50042B0A8 /* NotificationsController.swift */; };
		336DE6082619AD0A0042B0A8 /* ConversationsController.swift in Sources */ = {isa = PBXBuildFile; fileRef = 336DE6072619AD0A0042B0A8 /* ConversationsController.swift */; };
		337F35BF26184CC400DDDBB1 /* AppDelegate.swift in Sources */ = {isa = PBXBuildFile; fileRef = 337F35BE26184CC400DDDBB1 /* AppDelegate.swift */; };
		337F35C126184CC400DDDBB1 /* SceneDelegate.swift in Sources */ = {isa = PBXBuildFile; fileRef = 337F35C026184CC400DDDBB1 /* SceneDelegate.swift */; };
		337F35C626184CC400DDDBB1 /* Main.storyboard in Resources */ = {isa = PBXBuildFile; fileRef = 337F35C426184CC400DDDBB1 /* Main.storyboard */; };
		337F35C826184CC500DDDBB1 /* Assets.xcassets in Resources */ = {isa = PBXBuildFile; fileRef = 337F35C726184CC500DDDBB1 /* Assets.xcassets */; };
		337F35CB26184CC500DDDBB1 /* LaunchScreen.storyboard in Resources */ = {isa = PBXBuildFile; fileRef = 337F35C926184CC500DDDBB1 /* LaunchScreen.storyboard */; };
		337F35DB26184E0400DDDBB1 /* MainTabController.swift in Sources */ = {isa = PBXBuildFile; fileRef = 337F35DA26184E0400DDDBB1 /* MainTabController.swift */; };
		33AB07342627A391003D9DAE /* Tweet.swift in Sources */ = {isa = PBXBuildFile; fileRef = 33AB07332627A391003D9DAE /* Tweet.swift */; };
		33AB07372627AC27003D9DAE /* TweetCell.swift in Sources */ = {isa = PBXBuildFile; fileRef = 33AB07362627AC27003D9DAE /* TweetCell.swift */; };
		33AB073A2627C9F4003D9DAE /* TweetViewModel.swift in Sources */ = {isa = PBXBuildFile; fileRef = 33AB07392627C9F4003D9DAE /* TweetViewModel.swift */; };
		33C51D25262189E80005423F /* LoginController.swift in Sources */ = {isa = PBXBuildFile; fileRef = 33C51D24262189E80005423F /* LoginController.swift */; };
		33C51D28262189F60005423F /* RegisterController.swift in Sources */ = {isa = PBXBuildFile; fileRef = 33C51D27262189F60005423F /* RegisterController.swift */; };
		33C51D2B26219B900005423F /* Untilities.swift in Sources */ = {isa = PBXBuildFile; fileRef = 33C51D2A26219B900005423F /* Untilities.swift */; };
		33E73B32262503190018EC60 /* UserService.swift in Sources */ = {isa = PBXBuildFile; fileRef = 33E73B31262503190018EC60 /* UserService.swift */; };
		33E73B352625066A0018EC60 /* User.swift in Sources */ = {isa = PBXBuildFile; fileRef = 33E73B342625066A0018EC60 /* User.swift */; };
		33E744F826307F4200B076EC /* UserCell.swift in Sources */ = {isa = PBXBuildFile; fileRef = 33E744F726307F4200B076EC /* UserCell.swift */; };
		33FE601826243D3400489F82 /* Constants.swift in Sources */ = {isa = PBXBuildFile; fileRef = 33FE601726243D3400489F82 /* Constants.swift */; };
		33FE601C262445A700489F82 /* AuthService.swift in Sources */ = {isa = PBXBuildFile; fileRef = 33FE601B262445A700489F82 /* AuthService.swift */; };
		D7DAE0CCB25CA4E290E738D0 /* Pods_twitterclone.framework in Frameworks */ = {isa = PBXBuildFile; fileRef = 63A5C3FFF7AA0E2D9BB035BB /* Pods_twitterclone.framework */; };
/* End PBXBuildFile section */

/* Begin PBXFileReference section */
		0E835243555444F139189517 /* Pods-twitterclone.release.xcconfig */ = {isa = PBXFileReference; includeInIndex = 1; lastKnownFileType = text.xcconfig; name = "Pods-twitterclone.release.xcconfig"; path = "Target Support Files/Pods-twitterclone/Pods-twitterclone.release.xcconfig"; sourceTree = "<group>"; };
		333912F0262650C100C26FFE /* UploadTweetController.swift */ = {isa = PBXFileReference; lastKnownFileType = sourcecode.swift; path = UploadTweetController.swift; sourceTree = "<group>"; };
		333912F32626EAE400C26FFE /* CaptionTextView.swift */ = {isa = PBXFileReference; lastKnownFileType = sourcecode.swift; path = CaptionTextView.swift; sourceTree = "<group>"; };
		333912F62626F6B400C26FFE /* TweetService.swift */ = {isa = PBXFileReference; lastKnownFileType = sourcecode.swift; path = TweetService.swift; sourceTree = "<group>"; };
		33424BB7262BD7E300EE10FD /* ProfileFilterView.swift */ = {isa = PBXFileReference; lastKnownFileType = sourcecode.swift; path = ProfileFilterView.swift; sourceTree = "<group>"; };
		33424BC1262BE38700EE10FD /* ProfileFilterCell.swift */ = {isa = PBXFileReference; lastKnownFileType = sourcecode.swift; path = ProfileFilterCell.swift; sourceTree = "<group>"; };
		33424BC4262C308900EE10FD /* ProfileHeaderViewModel.swift */ = {isa = PBXFileReference; lastKnownFileType = sourcecode.swift; path = ProfileHeaderViewModel.swift; sourceTree = "<group>"; };
		3356393B261B716A001503A9 /* Extensions.swift */ = {isa = PBXFileReference; fileEncoding = 4; lastKnownFileType = sourcecode.swift; path = Extensions.swift; sourceTree = "<group>"; };
		335A7FF5262B292D00B02C21 /* ProfileController.swift */ = {isa = PBXFileReference; lastKnownFileType = sourcecode.swift; path = ProfileController.swift; sourceTree = "<group>"; };
		335A7FF8262B341F00B02C21 /* ProfileHeader.swift */ = {isa = PBXFileReference; lastKnownFileType = sourcecode.swift; path = ProfileHeader.swift; sourceTree = "<group>"; };
		3367869F2623F1B0006EC7A0 /* GoogleService-Info.plist */ = {isa = PBXFileReference; fileEncoding = 4; lastKnownFileType = text.plist.xml; path = "GoogleService-Info.plist"; sourceTree = "<group>"; };
		336DE5FD2619AC6C0042B0A8 /* FeedController.swift */ = {isa = PBXFileReference; lastKnownFileType = sourcecode.swift; path = FeedController.swift; sourceTree = "<group>"; };
		336DE6002619AC990042B0A8 /* ExploreController.swift */ = {isa = PBXFileReference; lastKnownFileType = sourcecode.swift; path = ExploreController.swift; sourceTree = "<group>"; };
		336DE6042619ACD50042B0A8 /* NotificationsController.swift */ = {isa = PBXFileReference; lastKnownFileType = sourcecode.swift; path = NotificationsController.swift; sourceTree = "<group>"; };
		336DE6072619AD0A0042B0A8 /* ConversationsController.swift */ = {isa = PBXFileReference; lastKnownFileType = sourcecode.swift; path = ConversationsController.swift; sourceTree = "<group>"; };
		337F35BB26184CC400DDDBB1 /* twitterclone.app */ = {isa = PBXFileReference; explicitFileType = wrapper.application; includeInIndex = 0; path = twitterclone.app; sourceTree = BUILT_PRODUCTS_DIR; };
		337F35BE26184CC400DDDBB1 /* AppDelegate.swift */ = {isa = PBXFileReference; lastKnownFileType = sourcecode.swift; path = AppDelegate.swift; sourceTree = "<group>"; };
		337F35C026184CC400DDDBB1 /* SceneDelegate.swift */ = {isa = PBXFileReference; lastKnownFileType = sourcecode.swift; path = SceneDelegate.swift; sourceTree = "<group>"; };
		337F35C526184CC400DDDBB1 /* Base */ = {isa = PBXFileReference; lastKnownFileType = file.storyboard; name = Base; path = Base.lproj/Main.storyboard; sourceTree = "<group>"; };
		337F35C726184CC500DDDBB1 /* Assets.xcassets */ = {isa = PBXFileReference; lastKnownFileType = folder.assetcatalog; path = Assets.xcassets; sourceTree = "<group>"; };
		337F35CA26184CC500DDDBB1 /* Base */ = {isa = PBXFileReference; lastKnownFileType = file.storyboard; name = Base; path = Base.lproj/LaunchScreen.storyboard; sourceTree = "<group>"; };
		337F35CC26184CC500DDDBB1 /* Info.plist */ = {isa = PBXFileReference; lastKnownFileType = text.plist.xml; path = Info.plist; sourceTree = "<group>"; };
		337F35DA26184E0400DDDBB1 /* MainTabController.swift */ = {isa = PBXFileReference; lastKnownFileType = sourcecode.swift; path = MainTabController.swift; sourceTree = "<group>"; };
		33AB07332627A391003D9DAE /* Tweet.swift */ = {isa = PBXFileReference; lastKnownFileType = sourcecode.swift; path = Tweet.swift; sourceTree = "<group>"; };
		33AB07362627AC27003D9DAE /* TweetCell.swift */ = {isa = PBXFileReference; lastKnownFileType = sourcecode.swift; path = TweetCell.swift; sourceTree = "<group>"; };
		33AB07392627C9F4003D9DAE /* TweetViewModel.swift */ = {isa = PBXFileReference; lastKnownFileType = sourcecode.swift; path = TweetViewModel.swift; sourceTree = "<group>"; };
		33C51D24262189E80005423F /* LoginController.swift */ = {isa = PBXFileReference; lastKnownFileType = sourcecode.swift; path = LoginController.swift; sourceTree = "<group>"; };
		33C51D27262189F60005423F /* RegisterController.swift */ = {isa = PBXFileReference; lastKnownFileType = sourcecode.swift; path = RegisterController.swift; sourceTree = "<group>"; };
		33C51D2A26219B900005423F /* Untilities.swift */ = {isa = PBXFileReference; lastKnownFileType = sourcecode.swift; path = Untilities.swift; sourceTree = "<group>"; };
		33E73B31262503190018EC60 /* UserService.swift */ = {isa = PBXFileReference; lastKnownFileType = sourcecode.swift; path = UserService.swift; sourceTree = "<group>"; };
		33E73B342625066A0018EC60 /* User.swift */ = {isa = PBXFileReference; lastKnownFileType = sourcecode.swift; path = User.swift; sourceTree = "<group>"; };
		33E744F726307F4200B076EC /* UserCell.swift */ = {isa = PBXFileReference; lastKnownFileType = sourcecode.swift; path = UserCell.swift; sourceTree = "<group>"; };
		33FE601726243D3400489F82 /* Constants.swift */ = {isa = PBXFileReference; lastKnownFileType = sourcecode.swift; path = Constants.swift; sourceTree = "<group>"; };
		33FE601B262445A700489F82 /* AuthService.swift */ = {isa = PBXFileReference; lastKnownFileType = sourcecode.swift; path = AuthService.swift; sourceTree = "<group>"; };
		63A5C3FFF7AA0E2D9BB035BB /* Pods_twitterclone.framework */ = {isa = PBXFileReference; explicitFileType = wrapper.framework; includeInIndex = 0; path = Pods_twitterclone.framework; sourceTree = BUILT_PRODUCTS_DIR; };
		932984BC5541303D21B09017 /* Pods-twitterclone.debug.xcconfig */ = {isa = PBXFileReference; includeInIndex = 1; lastKnownFileType = text.xcconfig; name = "Pods-twitterclone.debug.xcconfig"; path = "Target Support Files/Pods-twitterclone/Pods-twitterclone.debug.xcconfig"; sourceTree = "<group>"; };
/* End PBXFileReference section */

/* Begin PBXFrameworksBuildPhase section */
		337F35B826184CC400DDDBB1 /* Frameworks */ = {
			isa = PBXFrameworksBuildPhase;
			buildActionMask = 2147483647;
			files = (
				D7DAE0CCB25CA4E290E738D0 /* Pods_twitterclone.framework in Frameworks */,
			);
			runOnlyForDeploymentPostprocessing = 0;
		};
/* End PBXFrameworksBuildPhase section */

/* Begin PBXGroup section */
		337F35B226184CC400DDDBB1 = {
			isa = PBXGroup;
			children = (
				337F35BD26184CC400DDDBB1 /* twitterclone */,
				337F35BC26184CC400DDDBB1 /* Products */,
				C8B670761CEB989CEDCCD6A8 /* Pods */,
				790A61154651B2A50F812A9D /* Frameworks */,
			);
			sourceTree = "<group>";
		};
		337F35BC26184CC400DDDBB1 /* Products */ = {
			isa = PBXGroup;
			children = (
				337F35BB26184CC400DDDBB1 /* twitterclone.app */,
			);
			name = Products;
			sourceTree = "<group>";
		};
		337F35BD26184CC400DDDBB1 /* twitterclone */ = {
			isa = PBXGroup;
			children = (
				33FE601A2624459300489F82 /* API */,
				337F35D726184D1000DDDBB1 /* Model */,
				337F35D626184D0F00DDDBB1 /* View */,
				337F35D526184D0D00DDDBB1 /* ViewModel */,
				337F35D426184D0C00DDDBB1 /* Controller */,
				337F35D326184D0100DDDBB1 /* Utils */,
				337F35BE26184CC400DDDBB1 /* AppDelegate.swift */,
				337F35C026184CC400DDDBB1 /* SceneDelegate.swift */,
				337F35C426184CC400DDDBB1 /* Main.storyboard */,
				337F35C726184CC500DDDBB1 /* Assets.xcassets */,
				337F35C926184CC500DDDBB1 /* LaunchScreen.storyboard */,
				3367869F2623F1B0006EC7A0 /* GoogleService-Info.plist */,
				337F35CC26184CC500DDDBB1 /* Info.plist */,
			);
			path = twitterclone;
			sourceTree = "<group>";
		};
		337F35D326184D0100DDDBB1 /* Utils */ = {
			isa = PBXGroup;
			children = (
				3356393B261B716A001503A9 /* Extensions.swift */,
				33C51D2A26219B900005423F /* Untilities.swift */,
				33FE601726243D3400489F82 /* Constants.swift */,
			);
			path = Utils;
			sourceTree = "<group>";
		};
		337F35D426184D0C00DDDBB1 /* Controller */ = {
			isa = PBXGroup;
			children = (
				33C51D23262189CF0005423F /* Authentication */,
				337F35DA26184E0400DDDBB1 /* MainTabController.swift */,
				336DE5FD2619AC6C0042B0A8 /* FeedController.swift */,
				336DE6002619AC990042B0A8 /* ExploreController.swift */,
				336DE6042619ACD50042B0A8 /* NotificationsController.swift */,
				336DE6072619AD0A0042B0A8 /* ConversationsController.swift */,
				333912F0262650C100C26FFE /* UploadTweetController.swift */,
				335A7FF5262B292D00B02C21 /* ProfileController.swift */,
			);
			path = Controller;
			sourceTree = "<group>";
		};
		337F35D526184D0D00DDDBB1 /* ViewModel */ = {
			isa = PBXGroup;
			children = (
				33AB07392627C9F4003D9DAE /* TweetViewModel.swift */,
				33424BC4262C308900EE10FD /* ProfileHeaderViewModel.swift */,
			);
			path = ViewModel;
			sourceTree = "<group>";
		};
		337F35D626184D0F00DDDBB1 /* View */ = {
			isa = PBXGroup;
			children = (
				333912F32626EAE400C26FFE /* CaptionTextView.swift */,
				33AB07362627AC27003D9DAE /* TweetCell.swift */,
				335A7FF8262B341F00B02C21 /* ProfileHeader.swift */,
				33424BB7262BD7E300EE10FD /* ProfileFilterView.swift */,
				33424BC1262BE38700EE10FD /* ProfileFilterCell.swift */,
				33E744F726307F4200B076EC /* UserCell.swift */,
			);
			path = View;
			sourceTree = "<group>";
		};
		337F35D726184D1000DDDBB1 /* Model */ = {
			isa = PBXGroup;
			children = (
				33E73B342625066A0018EC60 /* User.swift */,
				33AB07332627A391003D9DAE /* Tweet.swift */,
			);
			path = Model;
			sourceTree = "<group>";
		};
		33C51D23262189CF0005423F /* Authentication */ = {
			isa = PBXGroup;
			children = (
				33C51D24262189E80005423F /* LoginController.swift */,
				33C51D27262189F60005423F /* RegisterController.swift */,
			);
			path = Authentication;
			sourceTree = "<group>";
		};
		33FE601A2624459300489F82 /* API */ = {
			isa = PBXGroup;
			children = (
				33FE601B262445A700489F82 /* AuthService.swift */,
				33E73B31262503190018EC60 /* UserService.swift */,
				333912F62626F6B400C26FFE /* TweetService.swift */,
			);
			path = API;
			sourceTree = "<group>";
		};
		790A61154651B2A50F812A9D /* Frameworks */ = {
			isa = PBXGroup;
			children = (
				63A5C3FFF7AA0E2D9BB035BB /* Pods_twitterclone.framework */,
			);
			name = Frameworks;
			sourceTree = "<group>";
		};
		C8B670761CEB989CEDCCD6A8 /* Pods */ = {
			isa = PBXGroup;
			children = (
				932984BC5541303D21B09017 /* Pods-twitterclone.debug.xcconfig */,
				0E835243555444F139189517 /* Pods-twitterclone.release.xcconfig */,
			);
			path = Pods;
			sourceTree = "<group>";
		};
/* End PBXGroup section */

/* Begin PBXNativeTarget section */
		337F35BA26184CC400DDDBB1 /* twitterclone */ = {
			isa = PBXNativeTarget;
			buildConfigurationList = 337F35CF26184CC500DDDBB1 /* Build configuration list for PBXNativeTarget "twitterclone" */;
			buildPhases = (
				F6E3F414D58F95F0A685BB09 /* [CP] Check Pods Manifest.lock */,
				337F35B726184CC400DDDBB1 /* Sources */,
				337F35B826184CC400DDDBB1 /* Frameworks */,
				337F35B926184CC400DDDBB1 /* Resources */,
				77AD96562DBB5B9432A2D343 /* [CP] Embed Pods Frameworks */,
			);
			buildRules = (
			);
			dependencies = (
			);
			name = twitterclone;
			productName = twitterclone;
			productReference = 337F35BB26184CC400DDDBB1 /* twitterclone.app */;
			productType = "com.apple.product-type.application";
		};
/* End PBXNativeTarget section */

/* Begin PBXProject section */
		337F35B326184CC400DDDBB1 /* Project object */ = {
			isa = PBXProject;
			attributes = {
				LastSwiftUpdateCheck = 1220;
				LastUpgradeCheck = 1220;
				TargetAttributes = {
					337F35BA26184CC400DDDBB1 = {
						CreatedOnToolsVersion = 12.2;
					};
				};
			};
			buildConfigurationList = 337F35B626184CC400DDDBB1 /* Build configuration list for PBXProject "twitterclone" */;
			compatibilityVersion = "Xcode 9.3";
			developmentRegion = en;
			hasScannedForEncodings = 0;
			knownRegions = (
				en,
				Base,
			);
			mainGroup = 337F35B226184CC400DDDBB1;
			productRefGroup = 337F35BC26184CC400DDDBB1 /* Products */;
			projectDirPath = "";
			projectRoot = "";
			targets = (
				337F35BA26184CC400DDDBB1 /* twitterclone */,
			);
		};
/* End PBXProject section */

/* Begin PBXResourcesBuildPhase section */
		337F35B926184CC400DDDBB1 /* Resources */ = {
			isa = PBXResourcesBuildPhase;
			buildActionMask = 2147483647;
			files = (
				337F35CB26184CC500DDDBB1 /* LaunchScreen.storyboard in Resources */,
				336786A02623F1B0006EC7A0 /* GoogleService-Info.plist in Resources */,
				337F35C826184CC500DDDBB1 /* Assets.xcassets in Resources */,
				337F35C626184CC400DDDBB1 /* Main.storyboard in Resources */,
			);
			runOnlyForDeploymentPostprocessing = 0;
		};
/* End PBXResourcesBuildPhase section */

/* Begin PBXShellScriptBuildPhase section */
		77AD96562DBB5B9432A2D343 /* [CP] Embed Pods Frameworks */ = {
			isa = PBXShellScriptBuildPhase;
			buildActionMask = 2147483647;
			files = (
			);
			inputFileListPaths = (
				"${PODS_ROOT}/Target Support Files/Pods-twitterclone/Pods-twitterclone-frameworks-${CONFIGURATION}-input-files.xcfilelist",
			);
			name = "[CP] Embed Pods Frameworks";
			outputFileListPaths = (
				"${PODS_ROOT}/Target Support Files/Pods-twitterclone/Pods-twitterclone-frameworks-${CONFIGURATION}-output-files.xcfilelist",
			);
			runOnlyForDeploymentPostprocessing = 0;
			shellPath = /bin/sh;
			shellScript = "\"${PODS_ROOT}/Target Support Files/Pods-twitterclone/Pods-twitterclone-frameworks.sh\"\n";
			showEnvVarsInLog = 0;
		};
		F6E3F414D58F95F0A685BB09 /* [CP] Check Pods Manifest.lock */ = {
			isa = PBXShellScriptBuildPhase;
			buildActionMask = 2147483647;
			files = (
			);
			inputFileListPaths = (
			);
			inputPaths = (
				"${PODS_PODFILE_DIR_PATH}/Podfile.lock",
				"${PODS_ROOT}/Manifest.lock",
			);
			name = "[CP] Check Pods Manifest.lock";
			outputFileListPaths = (
			);
			outputPaths = (
				"$(DERIVED_FILE_DIR)/Pods-twitterclone-checkManifestLockResult.txt",
			);
			runOnlyForDeploymentPostprocessing = 0;
			shellPath = /bin/sh;
			shellScript = "diff \"${PODS_PODFILE_DIR_PATH}/Podfile.lock\" \"${PODS_ROOT}/Manifest.lock\" > /dev/null\nif [ $? != 0 ] ; then\n    # print error to STDERR\n    echo \"error: The sandbox is not in sync with the Podfile.lock. Run 'pod install' or update your CocoaPods installation.\" >&2\n    exit 1\nfi\n# This output is used by Xcode 'outputs' to avoid re-running this script phase.\necho \"SUCCESS\" > \"${SCRIPT_OUTPUT_FILE_0}\"\n";
			showEnvVarsInLog = 0;
		};
/* End PBXShellScriptBuildPhase section */

/* Begin PBXSourcesBuildPhase section */
		337F35B726184CC400DDDBB1 /* Sources */ = {
			isa = PBXSourcesBuildPhase;
			buildActionMask = 2147483647;
			files = (
				33E73B32262503190018EC60 /* UserService.swift in Sources */,
				33C51D28262189F60005423F /* RegisterController.swift in Sources */,
				333912F42626EAE400C26FFE /* CaptionTextView.swift in Sources */,
				33424BC2262BE38700EE10FD /* ProfileFilterCell.swift in Sources */,
				336DE6052619ACD50042B0A8 /* NotificationsController.swift in Sources */,
				33E744F826307F4200B076EC /* UserCell.swift in Sources */,
				33C51D2B26219B900005423F /* Untilities.swift in Sources */,
				336DE6082619AD0A0042B0A8 /* ConversationsController.swift in Sources */,
				337F35BF26184CC400DDDBB1 /* AppDelegate.swift in Sources */,
				335A7FF6262B292D00B02C21 /* ProfileController.swift in Sources */,
				335A7FF9262B341F00B02C21 /* ProfileHeader.swift in Sources */,
				33AB07372627AC27003D9DAE /* TweetCell.swift in Sources */,
				3356393C261B716B001503A9 /* Extensions.swift in Sources */,
				33FE601C262445A700489F82 /* AuthService.swift in Sources */,
				33424BC5262C308900EE10FD /* ProfileHeaderViewModel.swift in Sources */,
				333912F1262650C100C26FFE /* UploadTweetController.swift in Sources */,
				33E73B352625066A0018EC60 /* User.swift in Sources */,
				33C51D25262189E80005423F /* LoginController.swift in Sources */,
				337F35C126184CC400DDDBB1 /* SceneDelegate.swift in Sources */,
				336DE6012619AC990042B0A8 /* ExploreController.swift in Sources */,
				33AB073A2627C9F4003D9DAE /* TweetViewModel.swift in Sources */,
				337F35DB26184E0400DDDBB1 /* MainTabController.swift in Sources */,
				336DE5FE2619AC6C0042B0A8 /* FeedController.swift in Sources */,
				33424BB8262BD7E300EE10FD /* ProfileFilterView.swift in Sources */,
				33FE601826243D3400489F82 /* Constants.swift in Sources */,
				33AB07342627A391003D9DAE /* Tweet.swift in Sources */,
				333912F72626F6B400C26FFE /* TweetService.swift in Sources */,
			);
			runOnlyForDeploymentPostprocessing = 0;
		};
/* End PBXSourcesBuildPhase section */

/* Begin PBXVariantGroup section */
		337F35C426184CC400DDDBB1 /* Main.storyboard */ = {
			isa = PBXVariantGroup;
			children = (
				337F35C526184CC400DDDBB1 /* Base */,
			);
			name = Main.storyboard;
			sourceTree = "<group>";
		};
		337F35C926184CC500DDDBB1 /* LaunchScreen.storyboard */ = {
			isa = PBXVariantGroup;
			children = (
				337F35CA26184CC500DDDBB1 /* Base */,
			);
			name = LaunchScreen.storyboard;
			sourceTree = "<group>";
		};
/* End PBXVariantGroup section */

/* Begin XCBuildConfiguration section */
		337F35CD26184CC500DDDBB1 /* Debug */ = {
			isa = XCBuildConfiguration;
			buildSettings = {
				ALWAYS_SEARCH_USER_PATHS = NO;
				CLANG_ANALYZER_NONNULL = YES;
				CLANG_ANALYZER_NUMBER_OBJECT_CONVERSION = YES_AGGRESSIVE;
				CLANG_CXX_LANGUAGE_STANDARD = "gnu++14";
				CLANG_CXX_LIBRARY = "libc++";
				CLANG_ENABLE_MODULES = YES;
				CLANG_ENABLE_OBJC_ARC = YES;
				CLANG_ENABLE_OBJC_WEAK = YES;
				CLANG_WARN_BLOCK_CAPTURE_AUTORELEASING = YES;
				CLANG_WARN_BOOL_CONVERSION = YES;
				CLANG_WARN_COMMA = YES;
				CLANG_WARN_CONSTANT_CONVERSION = YES;
				CLANG_WARN_DEPRECATED_OBJC_IMPLEMENTATIONS = YES;
				CLANG_WARN_DIRECT_OBJC_ISA_USAGE = YES_ERROR;
				CLANG_WARN_DOCUMENTATION_COMMENTS = YES;
				CLANG_WARN_EMPTY_BODY = YES;
				CLANG_WARN_ENUM_CONVERSION = YES;
				CLANG_WARN_INFINITE_RECURSION = YES;
				CLANG_WARN_INT_CONVERSION = YES;
				CLANG_WARN_NON_LITERAL_NULL_CONVERSION = YES;
				CLANG_WARN_OBJC_IMPLICIT_RETAIN_SELF = YES;
				CLANG_WARN_OBJC_LITERAL_CONVERSION = YES;
				CLANG_WARN_OBJC_ROOT_CLASS = YES_ERROR;
				CLANG_WARN_QUOTED_INCLUDE_IN_FRAMEWORK_HEADER = YES;
				CLANG_WARN_RANGE_LOOP_ANALYSIS = YES;
				CLANG_WARN_STRICT_PROTOTYPES = YES;
				CLANG_WARN_SUSPICIOUS_MOVE = YES;
				CLANG_WARN_UNGUARDED_AVAILABILITY = YES_AGGRESSIVE;
				CLANG_WARN_UNREACHABLE_CODE = YES;
				CLANG_WARN__DUPLICATE_METHOD_MATCH = YES;
				COPY_PHASE_STRIP = NO;
				DEBUG_INFORMATION_FORMAT = dwarf;
				ENABLE_STRICT_OBJC_MSGSEND = YES;
				ENABLE_TESTABILITY = YES;
				GCC_C_LANGUAGE_STANDARD = gnu11;
				GCC_DYNAMIC_NO_PIC = NO;
				GCC_NO_COMMON_BLOCKS = YES;
				GCC_OPTIMIZATION_LEVEL = 0;
				GCC_PREPROCESSOR_DEFINITIONS = (
					"DEBUG=1",
					"$(inherited)",
				);
				GCC_WARN_64_TO_32_BIT_CONVERSION = YES;
				GCC_WARN_ABOUT_RETURN_TYPE = YES_ERROR;
				GCC_WARN_UNDECLARED_SELECTOR = YES;
				GCC_WARN_UNINITIALIZED_AUTOS = YES_AGGRESSIVE;
				GCC_WARN_UNUSED_FUNCTION = YES;
				GCC_WARN_UNUSED_VARIABLE = YES;
				IPHONEOS_DEPLOYMENT_TARGET = 14.2;
				MTL_ENABLE_DEBUG_INFO = INCLUDE_SOURCE;
				MTL_FAST_MATH = YES;
				ONLY_ACTIVE_ARCH = YES;
				SDKROOT = iphoneos;
				SWIFT_ACTIVE_COMPILATION_CONDITIONS = DEBUG;
				SWIFT_OPTIMIZATION_LEVEL = "-Onone";
			};
			name = Debug;
		};
		337F35CE26184CC500DDDBB1 /* Release */ = {
			isa = XCBuildConfiguration;
			buildSettings = {
				ALWAYS_SEARCH_USER_PATHS = NO;
				CLANG_ANALYZER_NONNULL = YES;
				CLANG_ANALYZER_NUMBER_OBJECT_CONVERSION = YES_AGGRESSIVE;
				CLANG_CXX_LANGUAGE_STANDARD = "gnu++14";
				CLANG_CXX_LIBRARY = "libc++";
				CLANG_ENABLE_MODULES = YES;
				CLANG_ENABLE_OBJC_ARC = YES;
				CLANG_ENABLE_OBJC_WEAK = YES;
				CLANG_WARN_BLOCK_CAPTURE_AUTORELEASING = YES;
				CLANG_WARN_BOOL_CONVERSION = YES;
				CLANG_WARN_COMMA = YES;
				CLANG_WARN_CONSTANT_CONVERSION = YES;
				CLANG_WARN_DEPRECATED_OBJC_IMPLEMENTATIONS = YES;
				CLANG_WARN_DIRECT_OBJC_ISA_USAGE = YES_ERROR;
				CLANG_WARN_DOCUMENTATION_COMMENTS = YES;
				CLANG_WARN_EMPTY_BODY = YES;
				CLANG_WARN_ENUM_CONVERSION = YES;
				CLANG_WARN_INFINITE_RECURSION = YES;
				CLANG_WARN_INT_CONVERSION = YES;
				CLANG_WARN_NON_LITERAL_NULL_CONVERSION = YES;
				CLANG_WARN_OBJC_IMPLICIT_RETAIN_SELF = YES;
				CLANG_WARN_OBJC_LITERAL_CONVERSION = YES;
				CLANG_WARN_OBJC_ROOT_CLASS = YES_ERROR;
				CLANG_WARN_QUOTED_INCLUDE_IN_FRAMEWORK_HEADER = YES;
				CLANG_WARN_RANGE_LOOP_ANALYSIS = YES;
				CLANG_WARN_STRICT_PROTOTYPES = YES;
				CLANG_WARN_SUSPICIOUS_MOVE = YES;
				CLANG_WARN_UNGUARDED_AVAILABILITY = YES_AGGRESSIVE;
				CLANG_WARN_UNREACHABLE_CODE = YES;
				CLANG_WARN__DUPLICATE_METHOD_MATCH = YES;
				COPY_PHASE_STRIP = NO;
				DEBUG_INFORMATION_FORMAT = "dwarf-with-dsym";
				ENABLE_NS_ASSERTIONS = NO;
				ENABLE_STRICT_OBJC_MSGSEND = YES;
				GCC_C_LANGUAGE_STANDARD = gnu11;
				GCC_NO_COMMON_BLOCKS = YES;
				GCC_WARN_64_TO_32_BIT_CONVERSION = YES;
				GCC_WARN_ABOUT_RETURN_TYPE = YES_ERROR;
				GCC_WARN_UNDECLARED_SELECTOR = YES;
				GCC_WARN_UNINITIALIZED_AUTOS = YES_AGGRESSIVE;
				GCC_WARN_UNUSED_FUNCTION = YES;
				GCC_WARN_UNUSED_VARIABLE = YES;
				IPHONEOS_DEPLOYMENT_TARGET = 14.2;
				MTL_ENABLE_DEBUG_INFO = NO;
				MTL_FAST_MATH = YES;
				SDKROOT = iphoneos;
				SWIFT_COMPILATION_MODE = wholemodule;
				SWIFT_OPTIMIZATION_LEVEL = "-O";
				VALIDATE_PRODUCT = YES;
			};
			name = Release;
		};
		337F35D026184CC500DDDBB1 /* Debug */ = {
			isa = XCBuildConfiguration;
			baseConfigurationReference = 932984BC5541303D21B09017 /* Pods-twitterclone.debug.xcconfig */;
			buildSettings = {
				ASSETCATALOG_COMPILER_APPICON_NAME = AppIcon;
				ASSETCATALOG_COMPILER_GLOBAL_ACCENT_COLOR_NAME = AccentColor;
				CODE_SIGN_STYLE = Automatic;
				DEVELOPMENT_TEAM = DXUC2F5747;
				INFOPLIST_FILE = twitterclone/Info.plist;
				LD_RUNPATH_SEARCH_PATHS = (
					"$(inherited)",
					"@executable_path/Frameworks",
				);
				PRODUCT_BUNDLE_IDENTIFIER = co.neezar.twitterclone;
				PRODUCT_NAME = "$(TARGET_NAME)";
				SWIFT_VERSION = 5.0;
				TARGETED_DEVICE_FAMILY = "1,2";
			};
			name = Debug;
		};
		337F35D126184CC500DDDBB1 /* Release */ = {
			isa = XCBuildConfiguration;
			baseConfigurationReference = 0E835243555444F139189517 /* Pods-twitterclone.release.xcconfig */;
			buildSettings = {
				ASSETCATALOG_COMPILER_APPICON_NAME = AppIcon;
				ASSETCATALOG_COMPILER_GLOBAL_ACCENT_COLOR_NAME = AccentColor;
				CODE_SIGN_STYLE = Automatic;
				DEVELOPMENT_TEAM = DXUC2F5747;
				INFOPLIST_FILE = twitterclone/Info.plist;
				LD_RUNPATH_SEARCH_PATHS = (
					"$(inherited)",
					"@executable_path/Frameworks",
				);
				PRODUCT_BUNDLE_IDENTIFIER = co.neezar.twitterclone;
				PRODUCT_NAME = "$(TARGET_NAME)";
				SWIFT_VERSION = 5.0;
				TARGETED_DEVICE_FAMILY = "1,2";
			};
			name = Release;
		};
/* End XCBuildConfiguration section */

/* Begin XCConfigurationList section */
		337F35B626184CC400DDDBB1 /* Build configuration list for PBXProject "twitterclone" */ = {
			isa = XCConfigurationList;
			buildConfigurations = (
				337F35CD26184CC500DDDBB1 /* Debug */,
				337F35CE26184CC500DDDBB1 /* Release */,
			);
			defaultConfigurationIsVisible = 0;
			defaultConfigurationName = Release;
		};
		337F35CF26184CC500DDDBB1 /* Build configuration list for PBXNativeTarget "twitterclone" */ = {
			isa = XCConfigurationList;
			buildConfigurations = (
				337F35D026184CC500DDDBB1 /* Debug */,
				337F35D126184CC500DDDBB1 /* Release */,
			);
			defaultConfigurationIsVisible = 0;
			defaultConfigurationName = Release;
		};
/* End XCConfigurationList section */
	};
	rootObject = 337F35B326184CC400DDDBB1 /* Project object */;
}
